
Microsoft Visual Studio Solution File, Format Version 12.00
# Visual Studio Version 17
VisualStudioVersion = 17.13.35919.96 d17.13
MinimumVisualStudioVersion = 10.0.40219.1
Project("{FAE04EC0-301F-11D3-BF4B-00C04F79EFBC}") = "IlyasovIA", "IlyasovIA\IlyasovIA.csproj", "{D8772F13-7F43-4E40-BBDC-5118C3BDC8F9}"
EndProject
Global
	GlobalSection(SolutionConfigurationPlatforms) = preSolution
		Debug|Any CPU = Debug|Any CPU
		Release|Any CPU = Release|Any CPU
	EndGlobalSection
	GlobalSection(ProjectConfigurationPlatforms) = postSolution
		{D8772F13-7F43-4E40-BBDC-5118C3BDC8F9}.Debug|Any CPU.ActiveCfg = Debug|Any CPU
		{D8772F13-7F43-4E40-BBDC-5118C3BDC8F9}.Debug|Any CPU.Build.0 = Debug|Any CPU
		{D8772F13-7F43-4E40-BBDC-5118C3BDC8F9}.Release|Any CPU.ActiveCfg = Release|Any CPU
		{D8772F13-7F43-4E40-BBDC-5118C3BDC8F9}.Release|Any CPU.Build.0 = Release|Any CPU
	EndGlobalSection
	GlobalSection(SolutionProperties) = preSolution
		HideSolutionNode = FALSE
	EndGlobalSection
	GlobalSection(ExtensibilityGlobals) = postSolution
		SolutionGuid = {593E8FE7-0DCC-4741-B92C-0EE79A2AFEB6}
	EndGlobalSection
EndGlobal
